
Microsoft Visual Studio Solution File, Format Version 12.00
# Visual Studio Version 16
VisualStudioVersion = 16.0.31019.35
MinimumVisualStudioVersion = 10.0.40219.1
Project("{FAE04EC0-301F-11D3-BF4B-00C04F79EFBC}") = "Lecture 4", "Lecture 4.csproj", "{777F2CD9-0059-40A6-AB80-AEB3E3D8160C}"
EndProject
Global
	GlobalSection(SolutionConfigurationPlatforms) = preSolution
		Debug|Any CPU = Debug|Any CPU
		Release|Any CPU = Release|Any CPU
	EndGlobalSection
	GlobalSection(ProjectConfigurationPlatforms) = postSolution
		{777F2CD9-0059-40A6-AB80-AEB3E3D8160C}.Debug|Any CPU.ActiveCfg = Debug|Any CPU
		{777F2CD9-0059-40A6-AB80-AEB3E3D8160C}.Debug|Any CPU.Build.0 = Debug|Any CPU
		{777F2CD9-0059-40A6-AB80-AEB3E3D8160C}.Release|Any CPU.ActiveCfg = Release|Any CPU
		{777F2CD9-0059-40A6-AB80-AEB3E3D8160C}.Release|Any CPU.Build.0 = Release|Any CPU
	EndGlobalSection
	GlobalSection(SolutionProperties) = preSolution
		HideSolutionNode = FALSE
	EndGlobalSection
	GlobalSection(ExtensibilityGlobals) = postSolution
		SolutionGuid = {0594ADE7-BCAA-4EBC-8962-8E9D2599080A}
	EndGlobalSection
EndGlobal
