
Microsoft Visual Studio Solution File, Format Version 12.00
# Visual Studio Version 16
VisualStudioVersion = 16.0.31112.23
MinimumVisualStudioVersion = 10.0.40219.1
Project("{FAE04EC0-301F-11D3-BF4B-00C04F79EFBC}") = "Lecture7_EMS", "Lecture7_EMS.csproj", "{8D723950-A174-4419-BD41-91FFFF620941}"
EndProject
Project("{FAE04EC0-301F-11D3-BF4B-00C04F79EFBC}") = "EMS_VIEW", "..\EMS_VIEW\EMS_VIEW.csproj", "{68A05781-CA5D-4D4D-8B6F-843FD515DA5E}"
EndProject
Project("{FAE04EC0-301F-11D3-BF4B-00C04F79EFBC}") = "EMS_BLL", "..\EMS_BLL\EMS_BLL.csproj", "{58D11977-6C99-4EB3-8D01-05D303131460}"
EndProject
Project("{FAE04EC0-301F-11D3-BF4B-00C04F79EFBC}") = "EMS_DAL", "..\EMS_DAL\EMS_DAL.csproj", "{C27EB2CF-104E-49DE-9533-A17649F08C28}"
EndProject
Project("{FAE04EC0-301F-11D3-BF4B-00C04F79EFBC}") = "EMS_BO", "..\EMS_BO\EMS_BO.csproj", "{F36FEA3D-583B-4D9E-BF3C-C9C22EE81C03}"
EndProject
Global
	GlobalSection(SolutionConfigurationPlatforms) = preSolution
		Debug|Any CPU = Debug|Any CPU
		Release|Any CPU = Release|Any CPU
	EndGlobalSection
	GlobalSection(ProjectConfigurationPlatforms) = postSolution
		{8D723950-A174-4419-BD41-91FFFF620941}.Debug|Any CPU.ActiveCfg = Debug|Any CPU
		{8D723950-A174-4419-BD41-91FFFF620941}.Debug|Any CPU.Build.0 = Debug|Any CPU
		{8D723950-A174-4419-BD41-91FFFF620941}.Release|Any CPU.ActiveCfg = Release|Any CPU
		{8D723950-A174-4419-BD41-91FFFF620941}.Release|Any CPU.Build.0 = Release|Any CPU
		{68A05781-CA5D-4D4D-8B6F-843FD515DA5E}.Debug|Any CPU.ActiveCfg = Debug|Any CPU
		{68A05781-CA5D-4D4D-8B6F-843FD515DA5E}.Debug|Any CPU.Build.0 = Debug|Any CPU
		{68A05781-CA5D-4D4D-8B6F-843FD515DA5E}.Release|Any CPU.ActiveCfg = Release|Any CPU
		{68A05781-CA5D-4D4D-8B6F-843FD515DA5E}.Release|Any CPU.Build.0 = Release|Any CPU
		{58D11977-6C99-4EB3-8D01-05D303131460}.Debug|Any CPU.ActiveCfg = Debug|Any CPU
		{58D11977-6C99-4EB3-8D01-05D303131460}.Debug|Any CPU.Build.0 = Debug|Any CPU
		{58D11977-6C99-4EB3-8D01-05D303131460}.Release|Any CPU.ActiveCfg = Release|Any CPU
		{58D11977-6C99-4EB3-8D01-05D303131460}.Release|Any CPU.Build.0 = Release|Any CPU
		{C27EB2CF-104E-49DE-9533-A17649F08C28}.Debug|Any CPU.ActiveCfg = Debug|Any CPU
		{C27EB2CF-104E-49DE-9533-A17649F08C28}.Debug|Any CPU.Build.0 = Debug|Any CPU
		{C27EB2CF-104E-49DE-9533-A17649F08C28}.Release|Any CPU.ActiveCfg = Release|Any CPU
		{C27EB2CF-104E-49DE-9533-A17649F08C28}.Release|Any CPU.Build.0 = Release|Any CPU
		{F36FEA3D-583B-4D9E-BF3C-C9C22EE81C03}.Debug|Any CPU.ActiveCfg = Debug|Any CPU
		{F36FEA3D-583B-4D9E-BF3C-C9C22EE81C03}.Debug|Any CPU.Build.0 = Debug|Any CPU
		{F36FEA3D-583B-4D9E-BF3C-C9C22EE81C03}.Release|Any CPU.ActiveCfg = Release|Any CPU
		{F36FEA3D-583B-4D9E-BF3C-C9C22EE81C03}.Release|Any CPU.Build.0 = Release|Any CPU
	EndGlobalSection
	GlobalSection(SolutionProperties) = preSolution
		HideSolutionNode = FALSE
	EndGlobalSection
	GlobalSection(ExtensibilityGlobals) = postSolution
		SolutionGuid = {23C74D90-5804-40B4-87ED-BF9F0E0D1E32}
	EndGlobalSection
EndGlobal
